
Microsoft Visual Studio Solution File, Format Version 12.00
# Visual Studio Version 17
VisualStudioVersion = 17.6.33829.357
MinimumVisualStudioVersion = 10.0.40219.1
Project("{FAE04EC0-301F-11D3-BF4B-00C04F79EFBC}") = "IpisCentralDisplayController", "IpisCentralDisplayController.csproj", "{49BEE15B-E30A-44E8-AC76-C335F37F8620}"
EndProject
Global
	GlobalSection(SolutionConfigurationPlatforms) = preSolution
		Debug|Any CPU = Debug|Any CPU
		Release|Any CPU = Release|Any CPU
	EndGlobalSection
	GlobalSection(ProjectConfigurationPlatforms) = postSolution
		{49BEE15B-E30A-44E8-AC76-C335F37F8620}.Debug|Any CPU.ActiveCfg = Debug|Any CPU
		{49BEE15B-E30A-44E8-AC76-C335F37F8620}.Debug|Any CPU.Build.0 = Debug|Any CPU
		{49BEE15B-E30A-44E8-AC76-C335F37F8620}.Release|Any CPU.ActiveCfg = Release|Any CPU
		{49BEE15B-E30A-44E8-AC76-C335F37F8620}.Release|Any CPU.Build.0 = Release|Any CPU
	EndGlobalSection
	GlobalSection(SolutionProperties) = preSolution
		HideSolutionNode = FALSE
	EndGlobalSection
	GlobalSection(ExtensibilityGlobals) = postSolution
		SolutionGuid = {90B33219-7B05-481E-9B51-208EE651BCAD}
	EndGlobalSection
EndGlobal
